<?xml version="1.0" encoding="utf-8"?>
<Project ToolsVersion="4.0" xmlns="http://schemas.microsoft.com/developer/msbuild/2003">
  <ItemGroup>
    <Filter Include="Source Files">
      <UniqueIdentifier>{4FC737F1-C7A5-4376-A066-2A32D752A2FF}</UniqueIdentifier>
      <Extensions>cpp;c;cc;cxx;def;odl;idl;hpj;bat;asm;asmx</Extensions>
    </Filter>
    <Filter Include="Header Files">
      <UniqueIdentifier>{93995380-89BD-4b04-88EB-625FBE52EBFB}</UniqueIdentifier>
      <Extensions>h;hh;hpp;hxx;hm;inl;inc;xsd</Extensions>
    </Filter>
  </ItemGroup>

  <!-- ==================== HEADER FILES ==================== -->

  <!-- Argon2 Bitweb -->
  <ItemGroup>
    <ClInclude Include="argon2bitweb\argon2.h">
      <Filter>Header Files</Filter>
    </ClInclude>
    <ClInclude Include="argon2bitweb\argon2_core.h">
      <Filter>Header Files</Filter>
    </ClInclude>
    <ClInclude Include="argon2bitweb\argon2_encoding.h">
      <Filter>Header Files</Filter>
    </ClInclude>
    <ClInclude Include="argon2bitweb\argon2_thread.h">
      <Filter>Header Files</Filter>
    </ClInclude>
    <ClInclude Include="argon2bitweb\argon2_types.h">
      <Filter>Header Files</Filter>
    </ClInclude>
  </ItemGroup>

  <!-- Argon2 Bitweb — Blake2 internals -->
  <ItemGroup>
    <ClInclude Include="argon2bitweb\blake2\blake2-impl.h">
      <Filter>Header Files</Filter>
    </ClInclude>
    <ClInclude Include="argon2bitweb\blake2\blake2.h">
      <Filter>Header Files</Filter>
    </ClInclude>
    <ClInclude Include="argon2bitweb\blake2\blamka-round-avx2.h">
      <Filter>Header Files</Filter>
    </ClInclude>
    <ClInclude Include="argon2bitweb\blake2\blamka-round-avx512.h">
      <Filter>Header Files</Filter>
    </ClInclude>
    <ClInclude Include="argon2bitweb\blake2\blamka-round-neon.h">
      <Filter>Header Files</Filter>
    </ClInclude>
    <ClInclude Include="argon2bitweb\blake2\blamka-round-ref.h">
      <Filter>Header Files</Filter>
    </ClInclude>
    <ClInclude Include="argon2bitweb\blake2\blamka-round-sse2.h">
      <Filter>Header Files</Filter>
    </ClInclude>
    <ClInclude Include="argon2bitweb\blake2\blamka-round-ssse3.h">
      <Filter>Header Files</Filter>
    </ClInclude>
  </ItemGroup>

  <!-- Common / platform headers -->
  <ItemGroup>
    <ClInclude Include="brg_endian.h">
      <Filter>Header Files</Filter>
    </ClInclude>
    <ClInclude Include="compat\cpuid.h">
      <Filter>Header Files</Filter>
    </ClInclude>
    <ClInclude Include="portable_endian.h">
      <Filter>Header Files</Filter>
    </ClInclude>
    <ClInclude Include="stdafx.h">
      <Filter>Header Files</Filter>
    </ClInclude>
    <ClInclude Include="stdint.h">
      <Filter>Header Files</Filter>
    </ClInclude>
    <ClInclude Include="sysendian.h">
      <Filter>Header Files</Filter>
    </ClInclude>
    <ClInclude Include="targetver.h">
      <Filter>Header Files</Filter>
    </ClInclude>
  </ItemGroup>

  <!-- Scrypt + SHA -->
  <ItemGroup>
    <ClInclude Include="scryptn.h">
      <Filter>Header Files</Filter>
    </ClInclude>
    <ClInclude Include="sha256.h">
      <Filter>Header Files</Filter>
    </ClInclude>
    <ClInclude Include="sha256dt.h">
      <Filter>Header Files</Filter>
    </ClInclude>
    <ClInclude Include="sha256t.h">
      <Filter>Header Files</Filter>
    </ClInclude>
    <ClInclude Include="sha512_256.h">
      <Filter>Header Files</Filter>
    </ClInclude>
    <ClInclude Include="sha512_dpowcoin.h">
      <Filter>Header Files</Filter>
    </ClInclude>
  </ItemGroup>

  <!-- Yespower -->
  <ItemGroup>
    <ClInclude Include="yespower\crypto\blake2b-yp.h">
      <Filter>Header Files</Filter>
    </ClInclude>
    <ClInclude Include="yespower\crypto\sph_types.h">
      <Filter>Header Files</Filter>
    </ClInclude>
    <ClInclude Include="yespower\insecure_memzero.h">
      <Filter>Header Files</Filter>
    </ClInclude>
    <ClInclude Include="yespower\sha256.h">
      <Filter>Header Files</Filter>
    </ClInclude>
    <ClInclude Include="yespower\sysendian.h">
      <Filter>Header Files</Filter>
    </ClInclude>
    <ClInclude Include="yespower\yespower.h">
      <Filter>Header Files</Filter>
    </ClInclude>
  </ItemGroup>

  <!-- ==================== SOURCE FILES ==================== -->

  <!-- Core / DLL glue -->
  <ItemGroup>
    <ClCompile Include="dllmain.cpp">
      <Filter>Source Files</Filter>
    </ClCompile>
    <ClCompile Include="stdafx.cpp">
      <Filter>Source Files</Filter>
    </ClCompile>
    <ClCompile Include="exports.cpp">
      <Filter>Source Files</Filter>
    </ClCompile>
  </ItemGroup>

  <!-- Scrypt -->
  <ItemGroup>
    <ClCompile Include="scryptn.c">
      <Filter>Source Files</Filter>
    </ClCompile>
  </ItemGroup>

  <!-- SHA‑256, SHA‑512/256, DT -->
  <ItemGroup>
    <ClCompile Include="sha256dt.c">
      <Filter>Source Files</Filter>
    </ClCompile>
    <ClCompile Include="sha512_256.c">
      <Filter>Source Files</Filter>
    </ClCompile>
    <ClCompile Include="sha512_dpowcoin.cpp">
      <Filter>Source Files</Filter>
    </ClCompile>
  </ItemGroup>

  <!-- Yespower -->
  <ItemGroup>
    <ClCompile Include="yespower\crypto\blake2b-yp.c">
      <Filter>Source Files</Filter>
    </ClCompile>
    <ClCompile Include="yespower\yespower-blake2b.c">
      <Filter>Source Files</Filter>
    </ClCompile>
    <ClCompile Include="yespower\yespower-combined.c">
      <Filter>Source Files</Filter>
    </ClCompile>
    <ClCompile Include="yespower\yespower-platform.c">
      <Filter>Source Files</Filter>
    </ClCompile>
  </ItemGroup>

  <!-- Argon2 Bitweb (core + SIMD) -->
  <ItemGroup>
    <ClCompile Include="argon2_bitweb.cpp">
      <Filter>Source Files</Filter>
    </ClCompile>
    <ClCompile Include="argon2_dpowcoin.cpp">
      <Filter>Source Files</Filter>
    </ClCompile>
    <ClCompile Include="argon2bitweb\argon2.cpp">
      <Filter>Source Files</Filter>
    </ClCompile>
    <ClCompile Include="argon2bitweb\argon2_core.cpp">
      <Filter>Source Files</Filter>
    </ClCompile>
    <ClCompile Include="argon2bitweb\argon2_encoding.cpp">
      <Filter>Source Files</Filter>
    </ClCompile>
    <ClCompile Include="argon2bitweb\argon2_opt.cpp">
      <Filter>Source Files</Filter>
    </ClCompile>
    <ClCompile Include="argon2bitweb\argon2_ref.cpp">
      <Filter>Source Files</Filter>
    </ClCompile>
    <ClCompile Include="argon2bitweb\argon2_thread.cpp">
      <Filter>Source Files</Filter>
    </ClCompile>
    <ClCompile Include="argon2bitweb\argon2_opt_sse2.cpp">
      <Filter>Source Files</Filter>
    </ClCompile>
    <ClCompile Include="argon2bitweb\argon2_opt_ssse3.cpp">
      <Filter>Source Files</Filter>
    </ClCompile>
    <ClCompile Include="argon2bitweb\argon2_opt_avx2.cpp">
      <Filter>Source Files</Filter>
    </ClCompile>
    <ClCompile Include="argon2bitweb\argon2_opt_avx512.cpp">
      <Filter>Source Files</Filter>
    </ClCompile>
    <ClCompile Include="argon2bitweb\blake2\blake2b.cpp">
      <Filter>Source Files</Filter>
    </ClCompile>
  </ItemGroup>

  <!-- Heavyhash -->
  <ItemGroup>
    <ClCompile Include="heavyhash\heavyhash.c">
      <Filter>Source Files</Filter>
    </ClCompile>
    <ClCompile Include="heavyhash\keccak_tiny.c">
      <Filter>Source Files</Filter>
    </ClCompile>
  </ItemGroup>

  <!-- Extra project files -->
  <ItemGroup>
    <None Include="Makefile" />
  </ItemGroup>
</Project>
